
Microsoft Visual Studio Solution File, Format Version 12.00
# Visual Studio 15
VisualStudioVersion = 15.0.28010.2016
MinimumVisualStudioVersion = 10.0.40219.1
Project("{FAE04EC0-301F-11D3-BF4B-00C04F79EFBC}") = "Tender", "Tender\Tender.csproj", "{B86A0252-CFC8-4C11-AEBA-45081B70D0AA}"
EndProject
Global
	GlobalSection(SolutionConfigurationPlatforms) = preSolution
		Debug|Any CPU = Debug|Any CPU
		Release|Any CPU = Release|Any CPU
	EndGlobalSection
	GlobalSection(ProjectConfigurationPlatforms) = postSolution
		{B86A0252-CFC8-4C11-AEBA-45081B70D0AA}.Debug|Any CPU.ActiveCfg = Debug|Any CPU
		{B86A0252-CFC8-4C11-AEBA-45081B70D0AA}.Debug|Any CPU.Build.0 = Debug|Any CPU
		{B86A0252-CFC8-4C11-AEBA-45081B70D0AA}.Release|Any CPU.ActiveCfg = Release|Any CPU
		{B86A0252-CFC8-4C11-AEBA-45081B70D0AA}.Release|Any CPU.Build.0 = Release|Any CPU
	EndGlobalSection
	GlobalSection(SolutionProperties) = preSolution
		HideSolutionNode = FALSE
	EndGlobalSection
	GlobalSection(ExtensibilityGlobals) = postSolution
		SolutionGuid = {2A0F4424-D295-4A01-BB8E-23F30CC9F7AE}
	EndGlobalSection
EndGlobal
